
Microsoft Visual Studio Solution File, Format Version 12.00
# Visual Studio Version 16
VisualStudioVersion = 16.0.32228.343
MinimumVisualStudioVersion = 10.0.40219.1
Project("{FAE04EC0-301F-11D3-BF4B-00C04F79EFBC}") = "OOPIILab-BordGame", "OOPIILab-BordGame\OOPIILab-BordGame.csproj", "{5308AD41-DA7C-4C3A-B19B-4E14F761F468}"
EndProject
Global
	GlobalSection(SolutionConfigurationPlatforms) = preSolution
		Debug|Any CPU = Debug|Any CPU
		Release|Any CPU = Release|Any CPU
	EndGlobalSection
	GlobalSection(ProjectConfigurationPlatforms) = postSolution
		{5308AD41-DA7C-4C3A-B19B-4E14F761F468}.Debug|Any CPU.ActiveCfg = Debug|Any CPU
		{5308AD41-DA7C-4C3A-B19B-4E14F761F468}.Debug|Any CPU.Build.0 = Debug|Any CPU
		{5308AD41-DA7C-4C3A-B19B-4E14F761F468}.Release|Any CPU.ActiveCfg = Release|Any CPU
		{5308AD41-DA7C-4C3A-B19B-4E14F761F468}.Release|Any CPU.Build.0 = Release|Any CPU
	EndGlobalSection
	GlobalSection(SolutionProperties) = preSolution
		HideSolutionNode = FALSE
	EndGlobalSection
	GlobalSection(ExtensibilityGlobals) = postSolution
		SolutionGuid = {3B2A6F84-4C7F-4B66-BBDD-9E31DDF053B8}
	EndGlobalSection
EndGlobal
